
Microsoft Visual Studio Solution File, Format Version 12.00
# Visual Studio Version 16
VisualStudioVersion = 16.0.30114.105
MinimumVisualStudioVersion = 10.0.40219.1
Project("{9A19103F-16F7-4668-BE54-9A1E7A4F7556}") = "GitCheckCommand", "GitCheckCommand\GitCheckCommand.csproj", "{86D8A728-DD1D-484F-8B9C-E4235CFAACD5}"
EndProject
Project("{9A19103F-16F7-4668-BE54-9A1E7A4F7556}") = "GitCheckCommand.Logic", "GitCheckCommand.Logic\GitCheckCommand.Logic.csproj", "{A4C28820-3E24-481D-9969-466347B22C12}"
EndProject
Project("{FAE04EC0-301F-11D3-BF4B-00C04F79EFBC}") = "YTS.ConsolePrint", "YTS.ConsolePrint\YTS.ConsolePrint.csproj", "{42BEC673-59F9-4F41-B0F5-8A8F2E5EFE6F}"
EndProject
Global
	GlobalSection(SolutionConfigurationPlatforms) = preSolution
		Debug|Any CPU = Debug|Any CPU
		Release|Any CPU = Release|Any CPU
	EndGlobalSection
	GlobalSection(ProjectConfigurationPlatforms) = postSolution
		{86D8A728-DD1D-484F-8B9C-E4235CFAACD5}.Debug|Any CPU.ActiveCfg = Debug|Any CPU
		{86D8A728-DD1D-484F-8B9C-E4235CFAACD5}.Debug|Any CPU.Build.0 = Debug|Any CPU
		{86D8A728-DD1D-484F-8B9C-E4235CFAACD5}.Release|Any CPU.ActiveCfg = Release|Any CPU
		{86D8A728-DD1D-484F-8B9C-E4235CFAACD5}.Release|Any CPU.Build.0 = Release|Any CPU
		{A4C28820-3E24-481D-9969-466347B22C12}.Debug|Any CPU.ActiveCfg = Debug|Any CPU
		{A4C28820-3E24-481D-9969-466347B22C12}.Debug|Any CPU.Build.0 = Debug|Any CPU
		{A4C28820-3E24-481D-9969-466347B22C12}.Release|Any CPU.ActiveCfg = Release|Any CPU
		{A4C28820-3E24-481D-9969-466347B22C12}.Release|Any CPU.Build.0 = Release|Any CPU
		{42BEC673-59F9-4F41-B0F5-8A8F2E5EFE6F}.Debug|Any CPU.ActiveCfg = Debug|Any CPU
		{42BEC673-59F9-4F41-B0F5-8A8F2E5EFE6F}.Debug|Any CPU.Build.0 = Debug|Any CPU
		{42BEC673-59F9-4F41-B0F5-8A8F2E5EFE6F}.Release|Any CPU.ActiveCfg = Release|Any CPU
		{42BEC673-59F9-4F41-B0F5-8A8F2E5EFE6F}.Release|Any CPU.Build.0 = Release|Any CPU
	EndGlobalSection
	GlobalSection(SolutionProperties) = preSolution
		HideSolutionNode = FALSE
	EndGlobalSection
	GlobalSection(ExtensibilityGlobals) = postSolution
		SolutionGuid = {4913BD2D-80F9-4E4E-A28E-097203BC2B5E}
	EndGlobalSection
EndGlobal
